<Solution>
  <Folder Name="/Solution Items/">
    <File Path="UserDb-postgree.sql" />
    <File Path="UserDb-sqlserver.sql" />
  </Folder>
  <Project Path="Sicurezza.AppHost/Sicurezza.AppHost.csproj" Id="450b43db-7cb8-4659-9bd7-ab9df597f7b8" />
  <Project Path="Sicurezza.Web/Sicurezza.Web.csproj" />
</Solution>
